
Microsoft Visual Studio Solution File, Format Version 12.00
# Visual Studio Version 17
VisualStudioVersion = 17.14.36109.1
MinimumVisualStudioVersion = 10.0.40219.1
Project("{FAE04EC0-301F-11D3-BF4B-00C04F79EFBC}") = "jalase 1", "project 1\jalase 1.csproj", "{B7BB86E1-127F-4AED-B7A7-130002DFEF98}"
EndProject
Project("{FAE04EC0-301F-11D3-BF4B-00C04F79EFBC}") = "jalase 2", "tamrin 2\jalase 2.csproj", "{73B10AB7-D949-49A5-82DF-723320D4EDF7}"
EndProject
Project("{FAE04EC0-301F-11D3-BF4B-00C04F79EFBC}") = "tamrin_temp", "tamrin_temp\tamrin_temp.csproj", "{64DABB7C-86C0-44DA-B747-964C8FA58E30}"
EndProject
Global
	GlobalSection(SolutionConfigurationPlatforms) = preSolution
		Debug|Any CPU = Debug|Any CPU
		Release|Any CPU = Release|Any CPU
	EndGlobalSection
	GlobalSection(ProjectConfigurationPlatforms) = postSolution
		{B7BB86E1-127F-4AED-B7A7-130002DFEF98}.Debug|Any CPU.ActiveCfg = Debug|Any CPU
		{B7BB86E1-127F-4AED-B7A7-130002DFEF98}.Debug|Any CPU.Build.0 = Debug|Any CPU
		{B7BB86E1-127F-4AED-B7A7-130002DFEF98}.Release|Any CPU.ActiveCfg = Release|Any CPU
		{B7BB86E1-127F-4AED-B7A7-130002DFEF98}.Release|Any CPU.Build.0 = Release|Any CPU
		{73B10AB7-D949-49A5-82DF-723320D4EDF7}.Debug|Any CPU.ActiveCfg = Debug|Any CPU
		{73B10AB7-D949-49A5-82DF-723320D4EDF7}.Debug|Any CPU.Build.0 = Debug|Any CPU
		{73B10AB7-D949-49A5-82DF-723320D4EDF7}.Release|Any CPU.ActiveCfg = Release|Any CPU
		{73B10AB7-D949-49A5-82DF-723320D4EDF7}.Release|Any CPU.Build.0 = Release|Any CPU
		{64DABB7C-86C0-44DA-B747-964C8FA58E30}.Debug|Any CPU.ActiveCfg = Debug|Any CPU
		{64DABB7C-86C0-44DA-B747-964C8FA58E30}.Debug|Any CPU.Build.0 = Debug|Any CPU
		{64DABB7C-86C0-44DA-B747-964C8FA58E30}.Release|Any CPU.ActiveCfg = Release|Any CPU
		{64DABB7C-86C0-44DA-B747-964C8FA58E30}.Release|Any CPU.Build.0 = Release|Any CPU
	EndGlobalSection
	GlobalSection(SolutionProperties) = preSolution
		HideSolutionNode = FALSE
	EndGlobalSection
	GlobalSection(ExtensibilityGlobals) = postSolution
		SolutionGuid = {73B164DF-67C0-4FB0-AFA4-6DABDC37DEDC}
	EndGlobalSection
EndGlobal
